// !$*UTF8*$!
{
	archiveVersion = 1;
	classes = {
	};
	objectVersion = 56;
	objects = {

/* Begin PBXBuildFile section */
		7A2B865A2CB5A809004DFE02 /* PostRowViewModel.swift in Sources */ = {isa = PBXBuildFile; fileRef = 7A2B86592CB5A809004DFE02 /* PostRowViewModel.swift */; };
		7A922EAE2CB04D1D009F3E9C /* Post.swift in Sources */ = {isa = PBXBuildFile; fileRef = 7A922EAD2CB04D1D009F3E9C /* Post.swift */; };
		7A922EB02CB04EA6009F3E9C /* PostsList.swift in Sources */ = {isa = PBXBuildFile; fileRef = 7A922EAF2CB04EA6009F3E9C /* PostsList.swift */; };
		7A922EB22CB05687009F3E9C /* PostRow.swift in Sources */ = {isa = PBXBuildFile; fileRef = 7A922EB12CB05687009F3E9C /* PostRow.swift */; };
		7A922EB52CB068E2009F3E9C /* NewPostForm.swift in Sources */ = {isa = PBXBuildFile; fileRef = 7A922EB42CB068E2009F3E9C /* NewPostForm.swift */; };
		7A922EB82CB07523009F3E9C /* PostsViewModel.swift in Sources */ = {isa = PBXBuildFile; fileRef = 7A922EB72CB07523009F3E9C /* PostsViewModel.swift */; };
		7A922EBB2CB127C7009F3E9C /* PostsRepository.swift in Sources */ = {isa = PBXBuildFile; fileRef = 7A922EBA2CB127C7009F3E9C /* PostsRepository.swift */; };
		7A922EBE2CB1CBB9009F3E9C /* Loadable.swift in Sources */ = {isa = PBXBuildFile; fileRef = 7A922EBD2CB1CBB9009F3E9C /* Loadable.swift */; };
		7A922EC12CB1D3F3009F3E9C /* EmptyListView.swift in Sources */ = {isa = PBXBuildFile; fileRef = 7A922EC02CB1D3F3009F3E9C /* EmptyListView.swift */; };
		7A922ED32CB45EF4009F3E9C /* Alert+Error.swift in Sources */ = {isa = PBXBuildFile; fileRef = 7A922ED22CB45EF4009F3E9C /* Alert+Error.swift */; };
		7AA0EAA92CAF33FC00A60F26 /* SocialcademyApp.swift in Sources */ = {isa = PBXBuildFile; fileRef = 7AA0EAA82CAF33FC00A60F26 /* SocialcademyApp.swift */; };
		7AA0EAAB2CAF33FC00A60F26 /* ContentView.swift in Sources */ = {isa = PBXBuildFile; fileRef = 7AA0EAAA2CAF33FC00A60F26 /* ContentView.swift */; };
		7AA0EAAD2CAF33FE00A60F26 /* Assets.xcassets in Resources */ = {isa = PBXBuildFile; fileRef = 7AA0EAAC2CAF33FE00A60F26 /* Assets.xcassets */; };
		7AA0EAB02CAF33FE00A60F26 /* Preview Assets.xcassets in Resources */ = {isa = PBXBuildFile; fileRef = 7AA0EAAF2CAF33FE00A60F26 /* Preview Assets.xcassets */; };
		7AA0EAB82CAF358100A60F26 /* FirebaseAnalytics in Frameworks */ = {isa = PBXBuildFile; productRef = 7AA0EAB72CAF358100A60F26 /* FirebaseAnalytics */; };
		7AA0EABA2CAF358100A60F26 /* FirebaseFirestore in Frameworks */ = {isa = PBXBuildFile; productRef = 7AA0EAB92CAF358100A60F26 /* FirebaseFirestore */; };
		7AA0EABC2CAF384300A60F26 /* GoogleService-Info.plist in Resources */ = {isa = PBXBuildFile; fileRef = 7AA0EABB2CAF384300A60F26 /* GoogleService-Info.plist */; };
/* End PBXBuildFile section */

/* Begin PBXFileReference section */
		7A2B86592CB5A809004DFE02 /* PostRowViewModel.swift */ = {isa = PBXFileReference; lastKnownFileType = sourcecode.swift; path = PostRowViewModel.swift; sourceTree = "<group>"; };
		7A922EAD2CB04D1D009F3E9C /* Post.swift */ = {isa = PBXFileReference; lastKnownFileType = sourcecode.swift; path = Post.swift; sourceTree = "<group>"; };
		7A922EAF2CB04EA6009F3E9C /* PostsList.swift */ = {isa = PBXFileReference; lastKnownFileType = sourcecode.swift; path = PostsList.swift; sourceTree = "<group>"; };
		7A922EB12CB05687009F3E9C /* PostRow.swift */ = {isa = PBXFileReference; lastKnownFileType = sourcecode.swift; path = PostRow.swift; sourceTree = "<group>"; };
		7A922EB42CB068E2009F3E9C /* NewPostForm.swift */ = {isa = PBXFileReference; lastKnownFileType = sourcecode.swift; path = NewPostForm.swift; sourceTree = "<group>"; };
		7A922EB72CB07523009F3E9C /* PostsViewModel.swift */ = {isa = PBXFileReference; lastKnownFileType = sourcecode.swift; path = PostsViewModel.swift; sourceTree = "<group>"; };
		7A922EBA2CB127C7009F3E9C /* PostsRepository.swift */ = {isa = PBXFileReference; lastKnownFileType = sourcecode.swift; path = PostsRepository.swift; sourceTree = "<group>"; };
		7A922EBD2CB1CBB9009F3E9C /* Loadable.swift */ = {isa = PBXFileReference; lastKnownFileType = sourcecode.swift; path = Loadable.swift; sourceTree = "<group>"; };
		7A922EC02CB1D3F3009F3E9C /* EmptyListView.swift */ = {isa = PBXFileReference; lastKnownFileType = sourcecode.swift; path = EmptyListView.swift; sourceTree = "<group>"; };
		7A922ED22CB45EF4009F3E9C /* Alert+Error.swift */ = {isa = PBXFileReference; lastKnownFileType = sourcecode.swift; path = "Alert+Error.swift"; sourceTree = "<group>"; };
		7AA0EAA52CAF33FC00A60F26 /* Socialcademy.app */ = {isa = PBXFileReference; explicitFileType = wrapper.application; includeInIndex = 0; path = Socialcademy.app; sourceTree = BUILT_PRODUCTS_DIR; };
		7AA0EAA82CAF33FC00A60F26 /* SocialcademyApp.swift */ = {isa = PBXFileReference; lastKnownFileType = sourcecode.swift; path = SocialcademyApp.swift; sourceTree = "<group>"; };
		7AA0EAAA2CAF33FC00A60F26 /* ContentView.swift */ = {isa = PBXFileReference; lastKnownFileType = sourcecode.swift; path = ContentView.swift; sourceTree = "<group>"; };
		7AA0EAAC2CAF33FE00A60F26 /* Assets.xcassets */ = {isa = PBXFileReference; lastKnownFileType = folder.assetcatalog; path = Assets.xcassets; sourceTree = "<group>"; };
		7AA0EAAF2CAF33FE00A60F26 /* Preview Assets.xcassets */ = {isa = PBXFileReference; lastKnownFileType = folder.assetcatalog; path = "Preview Assets.xcassets"; sourceTree = "<group>"; };
		7AA0EABB2CAF384300A60F26 /* GoogleService-Info.plist */ = {isa = PBXFileReference; fileEncoding = 4; lastKnownFileType = text.plist.xml; path = "GoogleService-Info.plist"; sourceTree = "<group>"; };
/* End PBXFileReference section */

/* Begin PBXFrameworksBuildPhase section */
		7AA0EAA22CAF33FC00A60F26 /* Frameworks */ = {
			isa = PBXFrameworksBuildPhase;
			buildActionMask = 2147483647;
			files = (
				7AA0EAB82CAF358100A60F26 /* FirebaseAnalytics in Frameworks */,
				7AA0EABA2CAF358100A60F26 /* FirebaseFirestore in Frameworks */,
			);
			runOnlyForDeploymentPostprocessing = 0;
		};
/* End PBXFrameworksBuildPhase section */

/* Begin PBXGroup section */
		7A922EAA2CB04BD0009F3E9C /* Views */ = {
			isa = PBXGroup;
			children = (
				7AA0EAAA2CAF33FC00A60F26 /* ContentView.swift */,
				7A922EAF2CB04EA6009F3E9C /* PostsList.swift */,
				7A922EB12CB05687009F3E9C /* PostRow.swift */,
				7A922EB42CB068E2009F3E9C /* NewPostForm.swift */,
			);
			path = Views;
			sourceTree = "<group>";
		};
		7A922EAB2CB04BE6009F3E9C /* Resources */ = {
			isa = PBXGroup;
			children = (
				7AA0EAAC2CAF33FE00A60F26 /* Assets.xcassets */,
				7AA0EABB2CAF384300A60F26 /* GoogleService-Info.plist */,
				7AA0EAAE2CAF33FE00A60F26 /* Preview Content */,
			);
			path = Resources;
			sourceTree = "<group>";
		};
		7A922EAC2CB04D08009F3E9C /* Models */ = {
			isa = PBXGroup;
			children = (
				7A922EAD2CB04D1D009F3E9C /* Post.swift */,
			);
			path = Models;
			sourceTree = "<group>";
		};
		7A922EB62CB0751B009F3E9C /* ViewModels */ = {
			isa = PBXGroup;
			children = (
				7A922EB72CB07523009F3E9C /* PostsViewModel.swift */,
				7A2B86592CB5A809004DFE02 /* PostRowViewModel.swift */,
			);
			path = ViewModels;
			sourceTree = "<group>";
		};
		7A922EB92CB127BC009F3E9C /* Repositories */ = {
			isa = PBXGroup;
			children = (
				7A922EBA2CB127C7009F3E9C /* PostsRepository.swift */,
			);
			path = Repositories;
			sourceTree = "<group>";
		};
		7A922EBC2CB1CBA8009F3E9C /* Utilities */ = {
			isa = PBXGroup;
			children = (
				7A922EBD2CB1CBB9009F3E9C /* Loadable.swift */,
			);
			path = Utilities;
			sourceTree = "<group>";
		};
		7A922EBF2CB1D3DD009F3E9C /*  SupportingViews */ = {
			isa = PBXGroup;
			children = (
				7A922EC02CB1D3F3009F3E9C /* EmptyListView.swift */,
				7A922ED22CB45EF4009F3E9C /* Alert+Error.swift */,
			);
			path = " SupportingViews";
			sourceTree = "<group>";
		};
		7A922ED12CB43EE7009F3E9C /* App */ = {
			isa = PBXGroup;
			children = (
				7AA0EAA82CAF33FC00A60F26 /* SocialcademyApp.swift */,
			);
			path = App;
			sourceTree = "<group>";
		};
		7AA0EA9C2CAF33FC00A60F26 = {
			isa = PBXGroup;
			children = (
				7AA0EAA72CAF33FC00A60F26 /* Socialcademy */,
				7AA0EAA62CAF33FC00A60F26 /* Products */,
			);
			sourceTree = "<group>";
		};
		7AA0EAA62CAF33FC00A60F26 /* Products */ = {
			isa = PBXGroup;
			children = (
				7AA0EAA52CAF33FC00A60F26 /* Socialcademy.app */,
			);
			name = Products;
			sourceTree = "<group>";
		};
		7AA0EAA72CAF33FC00A60F26 /* Socialcademy */ = {
			isa = PBXGroup;
			children = (
				7A922ED12CB43EE7009F3E9C /* App */,
				7A922EBF2CB1D3DD009F3E9C /*  SupportingViews */,
				7A922EBC2CB1CBA8009F3E9C /* Utilities */,
				7A922EB92CB127BC009F3E9C /* Repositories */,
				7A922EAC2CB04D08009F3E9C /* Models */,
				7A922EAA2CB04BD0009F3E9C /* Views */,
				7A922EB62CB0751B009F3E9C /* ViewModels */,
				7A922EAB2CB04BE6009F3E9C /* Resources */,
			);
			path = Socialcademy;
			sourceTree = "<group>";
		};
		7AA0EAAE2CAF33FE00A60F26 /* Preview Content */ = {
			isa = PBXGroup;
			children = (
				7AA0EAAF2CAF33FE00A60F26 /* Preview Assets.xcassets */,
			);
			path = "Preview Content";
			sourceTree = "<group>";
		};
/* End PBXGroup section */

/* Begin PBXNativeTarget section */
		7AA0EAA42CAF33FC00A60F26 /* Socialcademy */ = {
			isa = PBXNativeTarget;
			buildConfigurationList = 7AA0EAB32CAF33FE00A60F26 /* Build configuration list for PBXNativeTarget "Socialcademy" */;
			buildPhases = (
				7AA0EAA12CAF33FC00A60F26 /* Sources */,
				7AA0EAA22CAF33FC00A60F26 /* Frameworks */,
				7AA0EAA32CAF33FC00A60F26 /* Resources */,
			);
			buildRules = (
			);
			dependencies = (
			);
			name = Socialcademy;
			packageProductDependencies = (
				7AA0EAB72CAF358100A60F26 /* FirebaseAnalytics */,
				7AA0EAB92CAF358100A60F26 /* FirebaseFirestore */,
			);
			productName = Socialcademy;
			productReference = 7AA0EAA52CAF33FC00A60F26 /* Socialcademy.app */;
			productType = "com.apple.product-type.application";
		};
/* End PBXNativeTarget section */

/* Begin PBXProject section */
		7AA0EA9D2CAF33FC00A60F26 /* Project object */ = {
			isa = PBXProject;
			attributes = {
				BuildIndependentTargetsInParallel = 1;
				LastSwiftUpdateCheck = 1540;
				LastUpgradeCheck = 1540;
				TargetAttributes = {
					7AA0EAA42CAF33FC00A60F26 = {
						CreatedOnToolsVersion = 15.4;
					};
				};
			};
			buildConfigurationList = 7AA0EAA02CAF33FC00A60F26 /* Build configuration list for PBXProject "Socialcademy" */;
			compatibilityVersion = "Xcode 14.0";
			developmentRegion = en;
			hasScannedForEncodings = 0;
			knownRegions = (
				en,
				Base,
			);
			mainGroup = 7AA0EA9C2CAF33FC00A60F26;
			packageReferences = (
				7AA0EAB62CAF358100A60F26 /* XCRemoteSwiftPackageReference "firebase-ios-sdk" */,
			);
			productRefGroup = 7AA0EAA62CAF33FC00A60F26 /* Products */;
			projectDirPath = "";
			projectRoot = "";
			targets = (
				7AA0EAA42CAF33FC00A60F26 /* Socialcademy */,
			);
		};
/* End PBXProject section */

/* Begin PBXResourcesBuildPhase section */
		7AA0EAA32CAF33FC00A60F26 /* Resources */ = {
			isa = PBXResourcesBuildPhase;
			buildActionMask = 2147483647;
			files = (
				7AA0EAB02CAF33FE00A60F26 /* Preview Assets.xcassets in Resources */,
				7AA0EAAD2CAF33FE00A60F26 /* Assets.xcassets in Resources */,
				7AA0EABC2CAF384300A60F26 /* GoogleService-Info.plist in Resources */,
			);
			runOnlyForDeploymentPostprocessing = 0;
		};
/* End PBXResourcesBuildPhase section */

/* Begin PBXSourcesBuildPhase section */
		7AA0EAA12CAF33FC00A60F26 /* Sources */ = {
			isa = PBXSourcesBuildPhase;
			buildActionMask = 2147483647;
			files = (
				7A922ED32CB45EF4009F3E9C /* Alert+Error.swift in Sources */,
				7A922EAE2CB04D1D009F3E9C /* Post.swift in Sources */,
				7A922EBB2CB127C7009F3E9C /* PostsRepository.swift in Sources */,
				7A2B865A2CB5A809004DFE02 /* PostRowViewModel.swift in Sources */,
				7A922EBE2CB1CBB9009F3E9C /* Loadable.swift in Sources */,
				7AA0EAAB2CAF33FC00A60F26 /* ContentView.swift in Sources */,
				7A922EC12CB1D3F3009F3E9C /* EmptyListView.swift in Sources */,
				7A922EB22CB05687009F3E9C /* PostRow.swift in Sources */,
				7AA0EAA92CAF33FC00A60F26 /* SocialcademyApp.swift in Sources */,
				7A922EB52CB068E2009F3E9C /* NewPostForm.swift in Sources */,
				7A922EB02CB04EA6009F3E9C /* PostsList.swift in Sources */,
				7A922EB82CB07523009F3E9C /* PostsViewModel.swift in Sources */,
			);
			runOnlyForDeploymentPostprocessing = 0;
		};
/* End PBXSourcesBuildPhase section */

/* Begin XCBuildConfiguration section */
		7AA0EAB12CAF33FE00A60F26 /* Debug */ = {
			isa = XCBuildConfiguration;
			buildSettings = {
				ALWAYS_SEARCH_USER_PATHS = NO;
				ASSETCATALOG_COMPILER_GENERATE_SWIFT_ASSET_SYMBOL_EXTENSIONS = YES;
				CLANG_ANALYZER_NONNULL = YES;
				CLANG_ANALYZER_NUMBER_OBJECT_CONVERSION = YES_AGGRESSIVE;
				CLANG_CXX_LANGUAGE_STANDARD = "gnu++20";
				CLANG_ENABLE_MODULES = YES;
				CLANG_ENABLE_OBJC_ARC = YES;
				CLANG_ENABLE_OBJC_WEAK = YES;
				CLANG_WARN_BLOCK_CAPTURE_AUTORELEASING = YES;
				CLANG_WARN_BOOL_CONVERSION = YES;
				CLANG_WARN_COMMA = YES;
				CLANG_WARN_CONSTANT_CONVERSION = YES;
				CLANG_WARN_DEPRECATED_OBJC_IMPLEMENTATIONS = YES;
				CLANG_WARN_DIRECT_OBJC_ISA_USAGE = YES_ERROR;
				CLANG_WARN_DOCUMENTATION_COMMENTS = YES;
				CLANG_WARN_EMPTY_BODY = YES;
				CLANG_WARN_ENUM_CONVERSION = YES;
				CLANG_WARN_INFINITE_RECURSION = YES;
				CLANG_WARN_INT_CONVERSION = YES;
				CLANG_WARN_NON_LITERAL_NULL_CONVERSION = YES;
				CLANG_WARN_OBJC_IMPLICIT_RETAIN_SELF = YES;
				CLANG_WARN_OBJC_LITERAL_CONVERSION = YES;
				CLANG_WARN_OBJC_ROOT_CLASS = YES_ERROR;
				CLANG_WARN_QUOTED_INCLUDE_IN_FRAMEWORK_HEADER = YES;
				CLANG_WARN_RANGE_LOOP_ANALYSIS = YES;
				CLANG_WARN_STRICT_PROTOTYPES = YES;
				CLANG_WARN_SUSPICIOUS_MOVE = YES;
				CLANG_WARN_UNGUARDED_AVAILABILITY = YES_AGGRESSIVE;
				CLANG_WARN_UNREACHABLE_CODE = YES;
				CLANG_WARN__DUPLICATE_METHOD_MATCH = YES;
				COPY_PHASE_STRIP = NO;
				DEBUG_INFORMATION_FORMAT = dwarf;
				ENABLE_STRICT_OBJC_MSGSEND = YES;
				ENABLE_TESTABILITY = YES;
				ENABLE_USER_SCRIPT_SANDBOXING = YES;
				GCC_C_LANGUAGE_STANDARD = gnu17;
				GCC_DYNAMIC_NO_PIC = NO;
				GCC_NO_COMMON_BLOCKS = YES;
				GCC_OPTIMIZATION_LEVEL = 0;
				GCC_PREPROCESSOR_DEFINITIONS = (
					"DEBUG=1",
					"$(inherited)",
				);
				GCC_WARN_64_TO_32_BIT_CONVERSION = YES;
				GCC_WARN_ABOUT_RETURN_TYPE = YES_ERROR;
				GCC_WARN_UNDECLARED_SELECTOR = YES;
				GCC_WARN_UNINITIALIZED_AUTOS = YES_AGGRESSIVE;
				GCC_WARN_UNUSED_FUNCTION = YES;
				GCC_WARN_UNUSED_VARIABLE = YES;
				IPHONEOS_DEPLOYMENT_TARGET = 17.5;
				LOCALIZATION_PREFERS_STRING_CATALOGS = YES;
				MTL_ENABLE_DEBUG_INFO = INCLUDE_SOURCE;
				MTL_FAST_MATH = YES;
				ONLY_ACTIVE_ARCH = YES;
				SDKROOT = iphoneos;
				SWIFT_ACTIVE_COMPILATION_CONDITIONS = "DEBUG $(inherited)";
				SWIFT_OPTIMIZATION_LEVEL = "-Onone";
			};
			name = Debug;
		};
		7AA0EAB22CAF33FE00A60F26 /* Release */ = {
			isa = XCBuildConfiguration;
			buildSettings = {
				ALWAYS_SEARCH_USER_PATHS = NO;
				ASSETCATALOG_COMPILER_GENERATE_SWIFT_ASSET_SYMBOL_EXTENSIONS = YES;
				CLANG_ANALYZER_NONNULL = YES;
				CLANG_ANALYZER_NUMBER_OBJECT_CONVERSION = YES_AGGRESSIVE;
				CLANG_CXX_LANGUAGE_STANDARD = "gnu++20";
				CLANG_ENABLE_MODULES = YES;
				CLANG_ENABLE_OBJC_ARC = YES;
				CLANG_ENABLE_OBJC_WEAK = YES;
				CLANG_WARN_BLOCK_CAPTURE_AUTORELEASING = YES;
				CLANG_WARN_BOOL_CONVERSION = YES;
				CLANG_WARN_COMMA = YES;
				CLANG_WARN_CONSTANT_CONVERSION = YES;
				CLANG_WARN_DEPRECATED_OBJC_IMPLEMENTATIONS = YES;
				CLANG_WARN_DIRECT_OBJC_ISA_USAGE = YES_ERROR;
				CLANG_WARN_DOCUMENTATION_COMMENTS = YES;
				CLANG_WARN_EMPTY_BODY = YES;
				CLANG_WARN_ENUM_CONVERSION = YES;
				CLANG_WARN_INFINITE_RECURSION = YES;
				CLANG_WARN_INT_CONVERSION = YES;
				CLANG_WARN_NON_LITERAL_NULL_CONVERSION = YES;
				CLANG_WARN_OBJC_IMPLICIT_RETAIN_SELF = YES;
				CLANG_WARN_OBJC_LITERAL_CONVERSION = YES;
				CLANG_WARN_OBJC_ROOT_CLASS = YES_ERROR;
				CLANG_WARN_QUOTED_INCLUDE_IN_FRAMEWORK_HEADER = YES;
				CLANG_WARN_RANGE_LOOP_ANALYSIS = YES;
				CLANG_WARN_STRICT_PROTOTYPES = YES;
				CLANG_WARN_SUSPICIOUS_MOVE = YES;
				CLANG_WARN_UNGUARDED_AVAILABILITY = YES_AGGRESSIVE;
				CLANG_WARN_UNREACHABLE_CODE = YES;
				CLANG_WARN__DUPLICATE_METHOD_MATCH = YES;
				COPY_PHASE_STRIP = NO;
				DEBUG_INFORMATION_FORMAT = "dwarf-with-dsym";
				ENABLE_NS_ASSERTIONS = NO;
				ENABLE_STRICT_OBJC_MSGSEND = YES;
				ENABLE_USER_SCRIPT_SANDBOXING = YES;
				GCC_C_LANGUAGE_STANDARD = gnu17;
				GCC_NO_COMMON_BLOCKS = YES;
				GCC_WARN_64_TO_32_BIT_CONVERSION = YES;
				GCC_WARN_ABOUT_RETURN_TYPE = YES_ERROR;
				GCC_WARN_UNDECLARED_SELECTOR = YES;
				GCC_WARN_UNINITIALIZED_AUTOS = YES_AGGRESSIVE;
				GCC_WARN_UNUSED_FUNCTION = YES;
				GCC_WARN_UNUSED_VARIABLE = YES;
				IPHONEOS_DEPLOYMENT_TARGET = 17.5;
				LOCALIZATION_PREFERS_STRING_CATALOGS = YES;
				MTL_ENABLE_DEBUG_INFO = NO;
				MTL_FAST_MATH = YES;
				SDKROOT = iphoneos;
				SWIFT_COMPILATION_MODE = wholemodule;
				VALIDATE_PRODUCT = YES;
			};
			name = Release;
		};
		7AA0EAB42CAF33FE00A60F26 /* Debug */ = {
			isa = XCBuildConfiguration;
			buildSettings = {
				ASSETCATALOG_COMPILER_APPICON_NAME = AppIcon;
				ASSETCATALOG_COMPILER_GLOBAL_ACCENT_COLOR_NAME = AccentColor;
				CODE_SIGN_STYLE = Automatic;
				CURRENT_PROJECT_VERSION = 1;
				DEVELOPMENT_ASSET_PATHS = "Socialcademy/Resources/Preview\\ Content";
				DEVELOPMENT_TEAM = 963Q5MY7HY;
				ENABLE_PREVIEWS = YES;
				GENERATE_INFOPLIST_FILE = YES;
				INFOPLIST_KEY_UIApplicationSceneManifest_Generation = YES;
				INFOPLIST_KEY_UIApplicationSupportsIndirectInputEvents = YES;
				INFOPLIST_KEY_UILaunchScreen_Generation = YES;
				INFOPLIST_KEY_UISupportedInterfaceOrientations_iPad = "UIInterfaceOrientationPortrait UIInterfaceOrientationPortraitUpsideDown UIInterfaceOrientationLandscapeLeft UIInterfaceOrientationLandscapeRight";
				INFOPLIST_KEY_UISupportedInterfaceOrientations_iPhone = "UIInterfaceOrientationPortrait UIInterfaceOrientationLandscapeLeft UIInterfaceOrientationLandscapeRight";
				IPHONEOS_DEPLOYMENT_TARGET = 15.0;
				LD_RUNPATH_SEARCH_PATHS = (
					"$(inherited)",
					"@executable_path/Frameworks",
				);
				MARKETING_VERSION = 1.0;
				PRODUCT_BUNDLE_IDENTIFIER = com.nazrinatayeva.Socialcademy;
				PRODUCT_NAME = "$(TARGET_NAME)";
				SWIFT_EMIT_LOC_STRINGS = YES;
				SWIFT_VERSION = 5.0;
				TARGETED_DEVICE_FAMILY = "1,2";
			};
			name = Debug;
		};
		7AA0EAB52CAF33FE00A60F26 /* Release */ = {
			isa = XCBuildConfiguration;
			buildSettings = {
				ASSETCATALOG_COMPILER_APPICON_NAME = AppIcon;
				ASSETCATALOG_COMPILER_GLOBAL_ACCENT_COLOR_NAME = AccentColor;
				CODE_SIGN_STYLE = Automatic;
				CURRENT_PROJECT_VERSION = 1;
				DEVELOPMENT_ASSET_PATHS = "Socialcademy/Resources/Preview\\ Content";
				DEVELOPMENT_TEAM = 963Q5MY7HY;
				ENABLE_PREVIEWS = YES;
				GENERATE_INFOPLIST_FILE = YES;
				INFOPLIST_KEY_UIApplicationSceneManifest_Generation = YES;
				INFOPLIST_KEY_UIApplicationSupportsIndirectInputEvents = YES;
				INFOPLIST_KEY_UILaunchScreen_Generation = YES;
				INFOPLIST_KEY_UISupportedInterfaceOrientations_iPad = "UIInterfaceOrientationPortrait UIInterfaceOrientationPortraitUpsideDown UIInterfaceOrientationLandscapeLeft UIInterfaceOrientationLandscapeRight";
				INFOPLIST_KEY_UISupportedInterfaceOrientations_iPhone = "UIInterfaceOrientationPortrait UIInterfaceOrientationLandscapeLeft UIInterfaceOrientationLandscapeRight";
				IPHONEOS_DEPLOYMENT_TARGET = 15.0;
				LD_RUNPATH_SEARCH_PATHS = (
					"$(inherited)",
					"@executable_path/Frameworks",
				);
				MARKETING_VERSION = 1.0;
				PRODUCT_BUNDLE_IDENTIFIER = com.nazrinatayeva.Socialcademy;
				PRODUCT_NAME = "$(TARGET_NAME)";
				SWIFT_EMIT_LOC_STRINGS = YES;
				SWIFT_VERSION = 5.0;
				TARGETED_DEVICE_FAMILY = "1,2";
			};
			name = Release;
		};
/* End XCBuildConfiguration section */

/* Begin XCConfigurationList section */
		7AA0EAA02CAF33FC00A60F26 /* Build configuration list for PBXProject "Socialcademy" */ = {
			isa = XCConfigurationList;
			buildConfigurations = (
				7AA0EAB12CAF33FE00A60F26 /* Debug */,
				7AA0EAB22CAF33FE00A60F26 /* Release */,
			);
			defaultConfigurationIsVisible = 0;
			defaultConfigurationName = Release;
		};
		7AA0EAB32CAF33FE00A60F26 /* Build configuration list for PBXNativeTarget "Socialcademy" */ = {
			isa = XCConfigurationList;
			buildConfigurations = (
				7AA0EAB42CAF33FE00A60F26 /* Debug */,
				7AA0EAB52CAF33FE00A60F26 /* Release */,
			);
			defaultConfigurationIsVisible = 0;
			defaultConfigurationName = Release;
		};
/* End XCConfigurationList section */

/* Begin XCRemoteSwiftPackageReference section */
		7AA0EAB62CAF358100A60F26 /* XCRemoteSwiftPackageReference "firebase-ios-sdk" */ = {
			isa = XCRemoteSwiftPackageReference;
			repositoryURL = "https://github.com/firebase/firebase-ios-sdk.git";
			requirement = {
				kind = upToNextMajorVersion;
				minimumVersion = 11.3.0;
			};
		};
/* End XCRemoteSwiftPackageReference section */

/* Begin XCSwiftPackageProductDependency section */
		7AA0EAB72CAF358100A60F26 /* FirebaseAnalytics */ = {
			isa = XCSwiftPackageProductDependency;
			package = 7AA0EAB62CAF358100A60F26 /* XCRemoteSwiftPackageReference "firebase-ios-sdk" */;
			productName = FirebaseAnalytics;
		};
		7AA0EAB92CAF358100A60F26 /* FirebaseFirestore */ = {
			isa = XCSwiftPackageProductDependency;
			package = 7AA0EAB62CAF358100A60F26 /* XCRemoteSwiftPackageReference "firebase-ios-sdk" */;
			productName = FirebaseFirestore;
		};
/* End XCSwiftPackageProductDependency section */
	};
	rootObject = 7AA0EA9D2CAF33FC00A60F26 /* Project object */;
}
